<?xml version="1.0" encoding="utf-8"?>
<Project ToolsVersion="16.0" xmlns="http://schemas.microsoft.com/developer/msbuild/2003">
  <ItemGroup>
    <CustomBuild Include="C:\Users\Sathin Smakkamai\2020_20310897\Worksheet4\calc_cmake\msvc_static\CMakeFiles\c7ea6c204aeec29e1282d42bc99e4e78\generate.stamp.rule">
      <Filter>CMake Rules</Filter>
    </CustomBuild>
  </ItemGroup>
  <ItemGroup>
    <Filter Include="CMake Rules">
      <UniqueIdentifier>{4DE3AC21-D9AF-3513-8E01-8A48C06FE0EF}</UniqueIdentifier>
    </Filter>
  </ItemGroup>
</Project>
